
Microsoft Visual Studio Solution File, Format Version 12.00
# Visual Studio 15
VisualStudioVersion = 15.0.28307.779
MinimumVisualStudioVersion = 10.0.40219.1
Project("{FAE04EC0-301F-11D3-BF4B-00C04F79EFBC}") = "Simple", "Simple\Simple.csproj", "{69941E3E-1942-4896-AF67-12A9F657A762}"
EndProject
Global
	GlobalSection(SolutionConfigurationPlatforms) = preSolution
		Debug|Any CPU = Debug|Any CPU
		Release|Any CPU = Release|Any CPU
	EndGlobalSection
	GlobalSection(ProjectConfigurationPlatforms) = postSolution
		{69941E3E-1942-4896-AF67-12A9F657A762}.Debug|Any CPU.ActiveCfg = Debug|Any CPU
		{69941E3E-1942-4896-AF67-12A9F657A762}.Debug|Any CPU.Build.0 = Debug|Any CPU
		{69941E3E-1942-4896-AF67-12A9F657A762}.Release|Any CPU.ActiveCfg = Release|Any CPU
		{69941E3E-1942-4896-AF67-12A9F657A762}.Release|Any CPU.Build.0 = Release|Any CPU
	EndGlobalSection
	GlobalSection(SolutionProperties) = preSolution
		HideSolutionNode = FALSE
	EndGlobalSection
	GlobalSection(ExtensibilityGlobals) = postSolution
		SolutionGuid = {6A5437EA-CEA7-44F6-9E11-4FC14A6CD6ED}
	EndGlobalSection
EndGlobal
